PODS:
  - desktop_window (0.0.1):
    - FlutterMacOS
  - flutter_libserialport (0.0.1):
    - FlutterMacOS
    - libserialport
  - FlutterMacOS (1.0.0)
  - libserialport (0.1.1)
  - url_launcher_macos (0.0.1):
    - FlutterMacOS

DEPENDENCIES:
  - desktop_window (from `Flutter/ephemeral/.symlinks/plugins/desktop_window/macos`)
  - flutter_libserialport (from `Flutter/ephemeral/.symlinks/plugins/flutter_libserialport/macos`)
  - FlutterMacOS (from `Flutter/ephemeral`)
  - url_launcher_macos (from `Flutter/ephemeral/.symlinks/plugins/url_launcher_macos/macos`)

SPEC REPOS:
  trunk:
    - libserialport

EXTERNAL SOURCES:
  desktop_window:
    :path: Flutter/ephemeral/.symlinks/plugins/desktop_window/macos
  flutter_libserialport:
    :path: Flutter/ephemeral/.symlinks/plugins/flutter_libserialport/macos
  FlutterMacOS:
    :path: Flutter/ephemeral
  url_launcher_macos:
    :path: Flutter/ephemeral/.symlinks/plugins/url_launcher_macos/macos

SPEC CHECKSUMS:
  desktop_window: fb7c4f12c1129f947ac482296b6f14059d57a3c3
  flutter_libserialport: d1a505fd4b05785f7b50cc7c93b361937ea1c5bd
  FlutterMacOS: 8f6f14fa908a6fb3fba0cd85dbd81ec4b251fb24
  libserialport: 1cb25e66ef3c92a8e59c2ea3820302c3fa2268cd
  url_launcher_macos: 5335912b679c073563f29d89d33d10d459f95451

PODFILE CHECKSUM: ccfc6c6d26160f152d01b26abe5e23ff1845e255

COCOAPODS: 1.11.3
